
Microsoft Visual Studio Solution File, Format Version 12.00
# Visual Studio Version 17
VisualStudioVersion = 17.0.31903.59
MinimumVisualStudioVersion = 10.0.40219.1
Project("{2150E333-8FDC-42A3-9474-1A3956D46DE8}") = "src", "src", "{3CFAEF3F-B6CA-4BD3-AEAA-3142AC7E5D65}"
EndProject
Project("{FAE04EC0-301F-11D3-BF4B-00C04F79EFBC}") = "InventoryService.Domain", "src\InventoryService.Domain\InventoryService.Domain.csproj", "{FC73D928-0DEA-4D38-9647-46445D0C8841}"
EndProject
Project("{FAE04EC0-301F-11D3-BF4B-00C04F79EFBC}") = "InventoryService.Application", "src\InventoryService.Application\InventoryService.Application.csproj", "{E5AF8EED-8B3F-484D-A6E9-04D90940CE61}"
EndProject
Project("{FAE04EC0-301F-11D3-BF4B-00C04F79EFBC}") = "InventoryService.Infrastructure", "src\InventoryService.Infrastructure\InventoryService.Infrastructure.csproj", "{37FF085C-D023-4994-80C5-3ECDE0AD2545}"
EndProject
Project("{FAE04EC0-301F-11D3-BF4B-00C04F79EFBC}") = "InventoryService.API", "src\InventoryService.API\InventoryService.API.csproj", "{17D572D8-B38C-4A3A-939E-3F81A63DCBA8}"
EndProject
Project("{2150E333-8FDC-42A3-9474-1A3956D46DE8}") = "packages", "packages", "{029DC113-277D-4ECD-8E69-DDA8EDB9C2B5}"
EndProject
Project("{FAE04EC0-301F-11D3-BF4B-00C04F79EFBC}") = "SharedContracts", "..\..\packages\SharedContracts\SharedContracts.csproj", "{99603B72-80A0-421F-A6C6-843449F4FFB9}"
EndProject
Project("{FAE04EC0-301F-11D3-BF4B-00C04F79EFBC}") = "MessageClient", "..\..\packages\MessageClient\MessageClient.csproj", "{158B4CC5-46A2-4928-8C09-9EAD24B67AE1}"
EndProject
Project("{FAE04EC0-301F-11D3-BF4B-00C04F79EFBC}") = "Exceptions", "..\..\packages\Exceptions\Exceptions\Exceptions.csproj", "{B9CD14C0-55D9-4429-9E10-2E11BE708A79}"
EndProject
Project("{FAE04EC0-301F-11D3-BF4B-00C04F79EFBC}") = "VaultClient", "..\..\packages\VaultClient\VaultClient.csproj", "{5BD83461-0829-475D-98D1-C6DE869F0748}"
EndProject
Global
	GlobalSection(SolutionConfigurationPlatforms) = preSolution
		Debug|Any CPU = Debug|Any CPU
		Release|Any CPU = Release|Any CPU
	EndGlobalSection
	GlobalSection(SolutionProperties) = preSolution
		HideSolutionNode = FALSE
	EndGlobalSection
	GlobalSection(ProjectConfigurationPlatforms) = postSolution
		{FC73D928-0DEA-4D38-9647-46445D0C8841}.Debug|Any CPU.ActiveCfg = Debug|Any CPU
		{FC73D928-0DEA-4D38-9647-46445D0C8841}.Debug|Any CPU.Build.0 = Debug|Any CPU
		{FC73D928-0DEA-4D38-9647-46445D0C8841}.Release|Any CPU.ActiveCfg = Release|Any CPU
		{FC73D928-0DEA-4D38-9647-46445D0C8841}.Release|Any CPU.Build.0 = Release|Any CPU
		{E5AF8EED-8B3F-484D-A6E9-04D90940CE61}.Debug|Any CPU.ActiveCfg = Debug|Any CPU
		{E5AF8EED-8B3F-484D-A6E9-04D90940CE61}.Debug|Any CPU.Build.0 = Debug|Any CPU
		{E5AF8EED-8B3F-484D-A6E9-04D90940CE61}.Release|Any CPU.ActiveCfg = Release|Any CPU
		{E5AF8EED-8B3F-484D-A6E9-04D90940CE61}.Release|Any CPU.Build.0 = Release|Any CPU
		{37FF085C-D023-4994-80C5-3ECDE0AD2545}.Debug|Any CPU.ActiveCfg = Debug|Any CPU
		{37FF085C-D023-4994-80C5-3ECDE0AD2545}.Debug|Any CPU.Build.0 = Debug|Any CPU
		{37FF085C-D023-4994-80C5-3ECDE0AD2545}.Release|Any CPU.ActiveCfg = Release|Any CPU
		{37FF085C-D023-4994-80C5-3ECDE0AD2545}.Release|Any CPU.Build.0 = Release|Any CPU
		{17D572D8-B38C-4A3A-939E-3F81A63DCBA8}.Debug|Any CPU.ActiveCfg = Debug|Any CPU
		{17D572D8-B38C-4A3A-939E-3F81A63DCBA8}.Debug|Any CPU.Build.0 = Debug|Any CPU
		{17D572D8-B38C-4A3A-939E-3F81A63DCBA8}.Release|Any CPU.ActiveCfg = Release|Any CPU
		{17D572D8-B38C-4A3A-939E-3F81A63DCBA8}.Release|Any CPU.Build.0 = Release|Any CPU
		{99603B72-80A0-421F-A6C6-843449F4FFB9}.Debug|Any CPU.ActiveCfg = Debug|Any CPU
		{99603B72-80A0-421F-A6C6-843449F4FFB9}.Debug|Any CPU.Build.0 = Debug|Any CPU
		{99603B72-80A0-421F-A6C6-843449F4FFB9}.Release|Any CPU.ActiveCfg = Release|Any CPU
		{99603B72-80A0-421F-A6C6-843449F4FFB9}.Release|Any CPU.Build.0 = Release|Any CPU
		{158B4CC5-46A2-4928-8C09-9EAD24B67AE1}.Debug|Any CPU.ActiveCfg = Debug|Any CPU
		{158B4CC5-46A2-4928-8C09-9EAD24B67AE1}.Debug|Any CPU.Build.0 = Debug|Any CPU
		{158B4CC5-46A2-4928-8C09-9EAD24B67AE1}.Release|Any CPU.ActiveCfg = Release|Any CPU
		{158B4CC5-46A2-4928-8C09-9EAD24B67AE1}.Release|Any CPU.Build.0 = Release|Any CPU
		{B9CD14C0-55D9-4429-9E10-2E11BE708A79}.Debug|Any CPU.ActiveCfg = Debug|Any CPU
		{B9CD14C0-55D9-4429-9E10-2E11BE708A79}.Debug|Any CPU.Build.0 = Debug|Any CPU
		{B9CD14C0-55D9-4429-9E10-2E11BE708A79}.Release|Any CPU.ActiveCfg = Release|Any CPU
		{B9CD14C0-55D9-4429-9E10-2E11BE708A79}.Release|Any CPU.Build.0 = Release|Any CPU
		{5BD83461-0829-475D-98D1-C6DE869F0748}.Debug|Any CPU.ActiveCfg = Debug|Any CPU
		{5BD83461-0829-475D-98D1-C6DE869F0748}.Debug|Any CPU.Build.0 = Debug|Any CPU
		{5BD83461-0829-475D-98D1-C6DE869F0748}.Release|Any CPU.ActiveCfg = Release|Any CPU
		{5BD83461-0829-475D-98D1-C6DE869F0748}.Release|Any CPU.Build.0 = Release|Any CPU
	EndGlobalSection
	GlobalSection(NestedProjects) = preSolution
		{FC73D928-0DEA-4D38-9647-46445D0C8841} = {3CFAEF3F-B6CA-4BD3-AEAA-3142AC7E5D65}
		{E5AF8EED-8B3F-484D-A6E9-04D90940CE61} = {3CFAEF3F-B6CA-4BD3-AEAA-3142AC7E5D65}
		{37FF085C-D023-4994-80C5-3ECDE0AD2545} = {3CFAEF3F-B6CA-4BD3-AEAA-3142AC7E5D65}
		{17D572D8-B38C-4A3A-939E-3F81A63DCBA8} = {3CFAEF3F-B6CA-4BD3-AEAA-3142AC7E5D65}
		{99603B72-80A0-421F-A6C6-843449F4FFB9} = {029DC113-277D-4ECD-8E69-DDA8EDB9C2B5}
		{158B4CC5-46A2-4928-8C09-9EAD24B67AE1} = {029DC113-277D-4ECD-8E69-DDA8EDB9C2B5}
		{B9CD14C0-55D9-4429-9E10-2E11BE708A79} = {029DC113-277D-4ECD-8E69-DDA8EDB9C2B5}
		{5BD83461-0829-475D-98D1-C6DE869F0748} = {029DC113-277D-4ECD-8E69-DDA8EDB9C2B5}
	EndGlobalSection
EndGlobal
